
Microsoft Visual Studio Solution File, Format Version 11.00
# Visual Studio 2010
Project("{FAE04EC0-301F-11D3-BF4B-00C04F79EFBC}") = "Project_2_Vuforia", "Assembly-CSharp.csproj", "{66853A01-65B8-B285-AA6C-5BD5E45EB774}"
EndProject
Project("{FAE04EC0-301F-11D3-BF4B-00C04F79EFBC}") = "Project_2_Vuforia", "Assembly-CSharp-Editor.csproj", "{EF403676-FA26-3B60-395B-E287D4572D40}"
EndProject
Project("{0B6ABC86-333D-5C38-58C0-A0F6CFAF4082}") = "Project_2_Vuforia", "Assembly-UnityScript-Editor-firstpass.unityproj", "{F4FE1A1D-EF79-D8F1-9A5C-75D680244EDE}"
EndProject
Global
	GlobalSection(SolutionConfigurationPlatforms) = preSolution
		Debug|Any CPU = Debug|Any CPU
		Release|Any CPU = Release|Any CPU
	EndGlobalSection
	GlobalSection(ProjectConfigurationPlatforms) = postSolution
		{66853A01-65B8-B285-AA6C-5BD5E45EB774}.Debug|Any CPU.ActiveCfg = Debug|Any CPU
		{66853A01-65B8-B285-AA6C-5BD5E45EB774}.Debug|Any CPU.Build.0 = Debug|Any CPU
		{66853A01-65B8-B285-AA6C-5BD5E45EB774}.Release|Any CPU.ActiveCfg = Release|Any CPU
		{66853A01-65B8-B285-AA6C-5BD5E45EB774}.Release|Any CPU.Build.0 = Release|Any CPU
		{EF403676-FA26-3B60-395B-E287D4572D40}.Debug|Any CPU.ActiveCfg = Debug|Any CPU
		{EF403676-FA26-3B60-395B-E287D4572D40}.Debug|Any CPU.Build.0 = Debug|Any CPU
		{EF403676-FA26-3B60-395B-E287D4572D40}.Release|Any CPU.ActiveCfg = Release|Any CPU
		{EF403676-FA26-3B60-395B-E287D4572D40}.Release|Any CPU.Build.0 = Release|Any CPU
		{F4FE1A1D-EF79-D8F1-9A5C-75D680244EDE}.Debug|Any CPU.ActiveCfg = Debug|Any CPU
		{F4FE1A1D-EF79-D8F1-9A5C-75D680244EDE}.Debug|Any CPU.Build.0 = Debug|Any CPU
		{F4FE1A1D-EF79-D8F1-9A5C-75D680244EDE}.Release|Any CPU.ActiveCfg = Release|Any CPU
		{F4FE1A1D-EF79-D8F1-9A5C-75D680244EDE}.Release|Any CPU.Build.0 = Release|Any CPU
	EndGlobalSection
	GlobalSection(SolutionProperties) = preSolution
		HideSolutionNode = FALSE
	EndGlobalSection
	GlobalSection(MonoDevelopProperties) = preSolution
		StartupItem = Assembly-CSharp.csproj
	EndGlobalSection
EndGlobal
